
Microsoft Visual Studio Solution File, Format Version 12.00
# Visual Studio Version 17
VisualStudioVersion = 17.1.32407.343
MinimumVisualStudioVersion = 10.0.40219.1
Project("{FAE04EC0-301F-11D3-BF4B-00C04F79EFBC}") = "GuessingGame", "GuessingGame\GuessingGame.csproj", "{73C80CFB-F21B-4AE6-9AB4-6CDC01BA8BF3}"
EndProject
Global
	GlobalSection(SolutionConfigurationPlatforms) = preSolution
		Debug|Any CPU = Debug|Any CPU
		Release|Any CPU = Release|Any CPU
	EndGlobalSection
	GlobalSection(ProjectConfigurationPlatforms) = postSolution
		{73C80CFB-F21B-4AE6-9AB4-6CDC01BA8BF3}.Debug|Any CPU.ActiveCfg = Debug|Any CPU
		{73C80CFB-F21B-4AE6-9AB4-6CDC01BA8BF3}.Debug|Any CPU.Build.0 = Debug|Any CPU
		{73C80CFB-F21B-4AE6-9AB4-6CDC01BA8BF3}.Release|Any CPU.ActiveCfg = Release|Any CPU
		{73C80CFB-F21B-4AE6-9AB4-6CDC01BA8BF3}.Release|Any CPU.Build.0 = Release|Any CPU
	EndGlobalSection
	GlobalSection(SolutionProperties) = preSolution
		HideSolutionNode = FALSE
	EndGlobalSection
	GlobalSection(ExtensibilityGlobals) = postSolution
		SolutionGuid = {F8D921D1-8924-4ECE-8363-CE296DE79555}
	EndGlobalSection
EndGlobal
